{
  "version": 4,
  "terraform_version": "1.5.4",
  "serial": 441,
  "lineage": "6e777f83-46b0-cb0e-43da-a462e35f3e5e",
  "outputs": {},
  "resources": [
    {
      "mode": "data",
      "type": "aws_iot_endpoint",
      "name": "example",
      "provider": "provider[\"registry.terraform.io/hashicorp/aws\"]",
      "instances": [
        {
          "schema_version": 0,
          "attributes": {
            "endpoint_address": "a1sew5b2x2qkrv.iot.us-east-1.amazonaws.com",
            "endpoint_type": null,
            "id": "a1sew5b2x2qkrv.iot.us-east-1.amazonaws.com"
          },
          "sensitive_attributes": []
        }
      ]
    },
    {
      "mode": "managed",
      "type": "aws_alb_listener",
      "name": "http-load-balancer-listener",
      "provider": "provider[\"registry.terraform.io/hashicorp/aws\"]",
      "instances": [
        {
          "schema_version": 0,
          "attributes": {
            "alpn_policy": null,
            "arn": "arn:aws:elasticloadbalancing:us-east-1:556298987240:listener/app/cloud-migration-load-balancer/73c20bfe4eff10be/5bcce030e449acd3",
            "certificate_arn": null,
            "default_action": [
              {
                "authenticate_cognito": [],
                "authenticate_oidc": [],
                "fixed_response": [],
                "forward": [],
                "order": 1,
                "redirect": [],
                "target_group_arn": "arn:aws:elasticloadbalancing:us-east-1:556298987240:targetgroup/load-balancer-target-group/f504877951198358",
                "type": "forward"
              }
            ],
            "id": "arn:aws:elasticloadbalancing:us-east-1:556298987240:listener/app/cloud-migration-load-balancer/73c20bfe4eff10be/5bcce030e449acd3",
            "load_balancer_arn": "arn:aws:elasticloadbalancing:us-east-1:556298987240:loadbalancer/app/cloud-migration-load-balancer/73c20bfe4eff10be",
            "port": 80,
            "protocol": "HTTP",
            "ssl_policy": "",
            "tags": null,
            "tags_all": {},
            "timeouts": null
          },
          "sensitive_attributes": [],
          "private": "eyJlMmJmYjczMC1lY2FhLTExZTYtOGY4OC0zNDM2M2JjN2M0YzAiOnsicmVhZCI6NjAwMDAwMDAwMDAwfX0=",
          "dependencies": [
            "aws_alb_target_group.load-balancer-target-group",
            "aws_lb.cloud-migration-load-balancer",
            "aws_security_group.load-balancer-security-group",
            "aws_subnet.cloud-migration-private-subnet-2",
            "aws_subnet.cloud-migration-public-subnet-1",
            "aws_vpc.cloud-migration-vpc"
          ]
        }
      ]
    },
    {
      "mode": "managed",
      "type": "aws_alb_target_group",
      "name": "load-balancer-target-group",
      "provider": "provider[\"registry.terraform.io/hashicorp/aws\"]",
      "instances": [
        {
          "schema_version": 0,
          "attributes": {
            "arn": "arn:aws:elasticloadbalancing:us-east-1:556298987240:targetgroup/load-balancer-target-group/f504877951198358",
            "arn_suffix": "targetgroup/load-balancer-target-group/f504877951198358",
            "connection_termination": false,
            "deregistration_delay": "300",
            "health_check": [
              {
                "enabled": true,
                "healthy_threshold": 3,
                "interval": 30,
                "matcher": "200",
                "path": "/",
                "port": "80",
                "protocol": "HTTP",
                "timeout": 20,
                "unhealthy_threshold": 2
              }
            ],
            "id": "arn:aws:elasticloadbalancing:us-east-1:556298987240:targetgroup/load-balancer-target-group/f504877951198358",
            "ip_address_type": "ipv4",
            "lambda_multi_value_headers_enabled": false,
            "load_balancing_algorithm_type": "round_robin",
            "load_balancing_cross_zone_enabled": "use_load_balancer_configuration",
            "name": "load-balancer-target-group",
            "name_prefix": null,
            "port": 80,
            "preserve_client_ip": null,
            "protocol": "HTTP",
            "protocol_version": "HTTP1",
            "proxy_protocol_v2": false,
            "slow_start": 0,
            "stickiness": [
              {
                "cookie_duration": 86400,
                "cookie_name": "",
                "enabled": true,
                "type": "lb_cookie"
              }
            ],
            "tags": null,
            "tags_all": {},
            "target_failover": [
              {
                "on_deregistration": null,
                "on_unhealthy": null
              }
            ],
            "target_type": "instance",
            "vpc_id": "vpc-03a2d2794b3660840"
          },
          "sensitive_attributes": [],
          "private": "bnVsbA==",
          "dependencies": [
            "aws_vpc.cloud-migration-vpc"
          ]
        }
      ]
    },
    {
      "mode": "managed",
      "type": "aws_autoscaling_group",
      "name": "ec2-autoscaling-group",
      "provider": "provider[\"registry.terraform.io/hashicorp/aws\"]",
      "instances": [
        {
          "schema_version": 0,
          "attributes": {
            "arn": "arn:aws:autoscaling:us-east-1:556298987240:autoScalingGroup:1fd1d2c3-ddf3-415d-9eb5-d40d00443b1b:autoScalingGroupName/ec2-autoscaling-group",
            "availability_zones": [
              "us-east-1a",
              "us-east-1b"
            ],
            "capacity_rebalance": false,
            "context": "",
            "default_cooldown": 300,
            "default_instance_warmup": 0,
            "desired_capacity": 3,
            "desired_capacity_type": "",
            "enabled_metrics": null,
            "force_delete": false,
            "force_delete_warm_pool": false,
            "health_check_grace_period": 300,
            "health_check_type": "EC2",
            "id": "ec2-autoscaling-group",
            "initial_lifecycle_hook": [],
            "instance_refresh": [],
            "launch_configuration": "",
            "launch_template": [
              {
                "id": "lt-0e9cab57ee076da1e",
                "name": "ec2-autoscaling-launch-template",
                "version": "$Latest"
              }
            ],
            "load_balancers": [],
            "max_instance_lifetime": 0,
            "max_size": 3,
            "metrics_granularity": "1Minute",
            "min_elb_capacity": null,
            "min_size": 2,
            "mixed_instances_policy": [],
            "name": "ec2-autoscaling-group",
            "name_prefix": "",
            "placement_group": "",
            "predicted_capacity": 0,
            "protect_from_scale_in": false,
            "service_linked_role_arn": "arn:aws:iam::556298987240:role/aws-service-role/autoscaling.amazonaws.com/AWSServiceRoleForAutoScaling",
            "suspended_processes": null,
            "tag": [],
            "target_group_arns": [],
            "termination_policies": [
              "OldestInstance"
            ],
            "timeouts": null,
            "traffic_source": [],
            "vpc_zone_identifier": [
              "subnet-0a4da639ea2dc22c3",
              "subnet-0cc553a255b769893"
            ],
            "wait_for_capacity_timeout": "10m",
            "wait_for_elb_capacity": null,
            "warm_pool": [],
            "warm_pool_size": 0
          },
          "sensitive_attributes": [],
          "private": "eyJlMmJmYjczMC1lY2FhLTExZTYtOGY4OC0zNDM2M2JjN2M0YzAiOnsiZGVsZXRlIjo2MDAwMDAwMDAwMDAsInVwZGF0ZSI6NjAwMDAwMDAwMDAwfX0=",
          "dependencies": [
            "aws_launch_template.ec2-autoscaling-launch-template",
            "aws_subnet.cloud-migration-public-subnet-1",
            "aws_subnet.cloud-migration-public-subnet-2",
            "aws_vpc.cloud-migration-vpc"
          ]
        }
      ]
    },
    {
      "mode": "managed",
      "type": "aws_autoscaling_policy",
      "name": "simple_scaling",
      "provider": "provider[\"registry.terraform.io/hashicorp/aws\"]",
      "instances": [
        {
          "schema_version": 0,
          "attributes": {
            "adjustment_type": "ChangeInCapacity",
            "arn": "arn:aws:autoscaling:us-east-1:556298987240:scalingPolicy:0091c820-b64d-48ce-876f-ed5996c102fa:autoScalingGroupName/ec2-autoscaling-group:policyName/simple-scaling-policy",
            "autoscaling_group_name": "ec2-autoscaling-group",
            "cooldown": 300,
            "enabled": true,
            "estimated_instance_warmup": 0,
            "id": "simple-scaling-policy",
            "metric_aggregation_type": "",
            "min_adjustment_magnitude": 0,
            "name": "simple-scaling-policy",
            "policy_type": "SimpleScaling",
            "predictive_scaling_configuration": [],
            "scaling_adjustment": 3,
            "step_adjustment": [],
            "target_tracking_configuration": []
          },
          "sensitive_attributes": [],
          "private": "bnVsbA==",
          "dependencies": [
            "aws_autoscaling_group.ec2-autoscaling-group",
            "aws_launch_template.ec2-autoscaling-launch-template",
            "aws_subnet.cloud-migration-public-subnet-1",
            "aws_subnet.cloud-migration-public-subnet-2",
            "aws_vpc.cloud-migration-vpc"
          ]
        }
      ]
    },
    {
      "mode": "managed",
      "type": "aws_cloudwatch_metric_alarm",
      "name": "ec2-metrics",
      "provider": "provider[\"registry.terraform.io/hashicorp/aws\"]",
      "instances": [
        {
          "schema_version": 1,
          "attributes": {
            "actions_enabled": true,
            "alarm_actions": null,
            "alarm_description": "Metric for CPU utilisation. Alarm when CPU utilisation exceeds 30%",
            "alarm_name": "ec2-CPU-metric",
            "arn": "arn:aws:cloudwatch:us-east-1:556298987240:alarm:ec2-CPU-metric",
            "comparison_operator": "GreaterThanOrEqualToThreshold",
            "datapoints_to_alarm": 0,
            "dimensions": null,
            "evaluate_low_sample_count_percentiles": "",
            "evaluation_periods": 2,
            "extended_statistic": "",
            "id": "ec2-CPU-metric",
            "insufficient_data_actions": null,
            "metric_name": "CPUUtilization",
            "metric_query": [],
            "namespace": "AWS/EC2",
            "ok_actions": null,
            "period": 120,
            "statistic": "Average",
            "tags": null,
            "tags_all": {},
            "threshold": 30,
            "threshold_metric_id": "",
            "treat_missing_data": "missing",
            "unit": ""
          },
          "sensitive_attributes": [],
          "private": "eyJzY2hlbWFfdmVyc2lvbiI6IjEifQ=="
        }
      ]
    },
    {
      "mode": "managed",
      "type": "aws_cloudwatch_metric_alarm",
      "name": "rds-metrics",
      "provider": "provider[\"registry.terraform.io/hashicorp/aws\"]",
      "instances": [
        {
          "schema_version": 1,
          "attributes": {
            "actions_enabled": true,
            "alarm_actions": null,
            "alarm_description": "Metric for CPU utilisation. Alarm when CPU utilisation exceeds 30%",
            "alarm_name": "rds-CPU-metric",
            "arn": "arn:aws:cloudwatch:us-east-1:556298987240:alarm:rds-CPU-metric",
            "comparison_operator": "GreaterThanOrEqualToThreshold",
            "datapoints_to_alarm": 0,
            "dimensions": {
              "DBInstanceIdentifier": "cloud-migration-relational-database"
            },
            "evaluate_low_sample_count_percentiles": "",
            "evaluation_periods": 2,
            "extended_statistic": "",
            "id": "rds-CPU-metric",
            "insufficient_data_actions": null,
            "metric_name": "CPUUtilization",
            "metric_query": [],
            "namespace": "AWS/RDS",
            "ok_actions": null,
            "period": 120,
            "statistic": "Average",
            "tags": null,
            "tags_all": {},
            "threshold": 30,
            "threshold_metric_id": "",
            "treat_missing_data": "missing",
            "unit": ""
          },
          "sensitive_attributes": [],
          "private": "eyJzY2hlbWFfdmVyc2lvbiI6IjEifQ==",
          "dependencies": [
            "aws_db_instance.cloud-migration-relational-database",
            "aws_db_subnet_group.db_subnet",
            "aws_subnet.cloud-migration-private-subnet-1",
            "aws_subnet.cloud-migration-private-subnet-2",
            "aws_vpc.cloud-migration-vpc"
          ]
        }
      ]
    },
    {
      "mode": "managed",
      "type": "aws_db_instance",
      "name": "cloud-migration-relational-database",
      "provider": "provider[\"registry.terraform.io/hashicorp/aws\"]",
      "instances": [
        {
          "schema_version": 2,
          "attributes": {
            "address": "cloud-migration-relational-database.clacmsizwwve.us-east-1.rds.amazonaws.com",
            "allocated_storage": 20,
            "allow_major_version_upgrade": null,
            "apply_immediately": false,
            "arn": "arn:aws:rds:us-east-1:556298987240:db:cloud-migration-relational-database",
            "auto_minor_version_upgrade": true,
            "availability_zone": "us-east-1b",
            "backup_retention_period": 0,
            "backup_target": "region",
            "backup_window": "06:08-06:38",
            "blue_green_update": [],
            "ca_cert_identifier": "rds-ca-2019",
            "character_set_name": "",
            "copy_tags_to_snapshot": false,
            "custom_iam_instance_profile": "",
            "customer_owned_ip_enabled": false,
            "db_name": "",
            "db_subnet_group_name": "rds-subnet-group",
            "delete_automated_backups": true,
            "deletion_protection": false,
            "domain": "",
            "domain_iam_role_name": "",
            "enabled_cloudwatch_logs_exports": null,
            "endpoint": "cloud-migration-relational-database.clacmsizwwve.us-east-1.rds.amazonaws.com:3306",
            "engine": "mysql",
            "engine_version": "5.7",
            "engine_version_actual": "5.7.42",
            "final_snapshot_identifier": null,
            "hosted_zone_id": "Z2R2ITUGPM61AM",
            "iam_database_authentication_enabled": false,
            "id": "db-HXGOMCH7CAG4GN2UDLEZ23TLRU",
            "identifier": "cloud-migration-relational-database",
            "identifier_prefix": "",
            "instance_class": "db.t3.micro",
            "iops": 0,
            "kms_key_id": "",
            "latest_restorable_time": "",
            "license_model": "general-public-license",
            "listener_endpoint": [],
            "maintenance_window": "sat:10:29-sat:10:59",
            "manage_master_user_password": null,
            "master_user_secret": [],
            "master_user_secret_kms_key_id": null,
            "max_allocated_storage": 0,
            "monitoring_interval": 0,
            "monitoring_role_arn": "",
            "multi_az": false,
            "nchar_character_set_name": "",
            "network_type": "IPV4",
            "option_group_name": "default:mysql-5-7",
            "parameter_group_name": "default.mysql5.7",
            "password": "cloudmigrationpassword",
            "performance_insights_enabled": false,
            "performance_insights_kms_key_id": "",
            "performance_insights_retention_period": 0,
            "port": 3306,
            "publicly_accessible": false,
            "replica_mode": "",
            "replicas": [],
            "replicate_source_db": "",
            "resource_id": "db-HXGOMCH7CAG4GN2UDLEZ23TLRU",
            "restore_to_point_in_time": [],
            "s3_import": [],
            "skip_final_snapshot": true,
            "snapshot_identifier": null,
            "status": "available",
            "storage_encrypted": false,
            "storage_throughput": 0,
            "storage_type": "gp2",
            "tags": null,
            "tags_all": {},
            "timeouts": null,
            "timezone": "",
            "username": "cloudmigrationuser",
            "vpc_security_group_ids": [
              "sg-0aa000ba108a3dd7f"
            ]
          },
          "sensitive_attributes": [],
          "private": "eyJlMmJmYjczMC1lY2FhLTExZTYtOGY4OC0zNDM2M2JjN2M0YzAiOnsiY3JlYXRlIjoyNDAwMDAwMDAwMDAwLCJkZWxldGUiOjM2MDAwMDAwMDAwMDAsInVwZGF0ZSI6NDgwMDAwMDAwMDAwMH0sInNjaGVtYV92ZXJzaW9uIjoiMiJ9",
          "dependencies": [
            "aws_db_subnet_group.db_subnet",
            "aws_subnet.cloud-migration-private-subnet-1",
            "aws_subnet.cloud-migration-private-subnet-2",
            "aws_vpc.cloud-migration-vpc"
          ]
        }
      ]
    },
    {
      "mode": "managed",
      "type": "aws_db_instance",
      "name": "rds-standby-database",
      "provider": "provider[\"registry.terraform.io/hashicorp/aws\"]",
      "instances": [
        {
          "schema_version": 2,
          "attributes": {
            "address": "rds-standby-database.clacmsizwwve.us-east-1.rds.amazonaws.com",
            "allocated_storage": 20,
            "allow_major_version_upgrade": null,
            "apply_immediately": false,
            "arn": "arn:aws:rds:us-east-1:556298987240:db:rds-standby-database",
            "auto_minor_version_upgrade": true,
            "availability_zone": "us-east-1a",
            "backup_retention_period": 0,
            "backup_target": "region",
            "backup_window": "08:54-09:24",
            "blue_green_update": [],
            "ca_cert_identifier": "rds-ca-2019",
            "character_set_name": "",
            "copy_tags_to_snapshot": false,
            "custom_iam_instance_profile": "",
            "customer_owned_ip_enabled": false,
            "db_name": "",
            "db_subnet_group_name": "rds-subnet-group",
            "delete_automated_backups": true,
            "deletion_protection": false,
            "domain": "",
            "domain_iam_role_name": "",
            "enabled_cloudwatch_logs_exports": null,
            "endpoint": "rds-standby-database.clacmsizwwve.us-east-1.rds.amazonaws.com:3306",
            "engine": "mysql",
            "engine_version": "5.7",
            "engine_version_actual": "5.7.42",
            "final_snapshot_identifier": null,
            "hosted_zone_id": "Z2R2ITUGPM61AM",
            "iam_database_authentication_enabled": false,
            "id": "db-YILP4SHMGYTJJMKINCUTJVHJ2E",
            "identifier": "rds-standby-database",
            "identifier_prefix": "",
            "instance_class": "db.t3.micro",
            "iops": 0,
            "kms_key_id": "",
            "latest_restorable_time": "",
            "license_model": "general-public-license",
            "listener_endpoint": [],
            "maintenance_window": "tue:08:19-tue:08:49",
            "manage_master_user_password": null,
            "master_user_secret": [],
            "master_user_secret_kms_key_id": null,
            "max_allocated_storage": 0,
            "monitoring_interval": 0,
            "monitoring_role_arn": "",
            "multi_az": false,
            "nchar_character_set_name": "",
            "network_type": "IPV4",
            "option_group_name": "default:mysql-5-7",
            "parameter_group_name": "default.mysql5.7",
            "password": "standbypassword",
            "performance_insights_enabled": false,
            "performance_insights_kms_key_id": "",
            "performance_insights_retention_period": 0,
            "port": 3306,
            "publicly_accessible": false,
            "replica_mode": "",
            "replicas": [],
            "replicate_source_db": "",
            "resource_id": "db-YILP4SHMGYTJJMKINCUTJVHJ2E",
            "restore_to_point_in_time": [],
            "s3_import": [],
            "skip_final_snapshot": true,
            "snapshot_identifier": null,
            "status": "available",
            "storage_encrypted": false,
            "storage_throughput": 0,
            "storage_type": "gp2",
            "tags": null,
            "tags_all": {},
            "timeouts": null,
            "timezone": "",
            "username": "standbyinstance",
            "vpc_security_group_ids": [
              "sg-0aa000ba108a3dd7f"
            ]
          },
          "sensitive_attributes": [],
          "private": "eyJlMmJmYjczMC1lY2FhLTExZTYtOGY4OC0zNDM2M2JjN2M0YzAiOnsiY3JlYXRlIjoyNDAwMDAwMDAwMDAwLCJkZWxldGUiOjM2MDAwMDAwMDAwMDAsInVwZGF0ZSI6NDgwMDAwMDAwMDAwMH0sInNjaGVtYV92ZXJzaW9uIjoiMiJ9",
          "dependencies": [
            "aws_db_subnet_group.db_subnet",
            "aws_subnet.cloud-migration-private-subnet-1",
            "aws_subnet.cloud-migration-private-subnet-2",
            "aws_vpc.cloud-migration-vpc"
          ]
        }
      ]
    },
    {
      "mode": "managed",
      "type": "aws_db_subnet_group",
      "name": "db_subnet",
      "provider": "provider[\"registry.terraform.io/hashicorp/aws\"]",
      "instances": [
        {
          "schema_version": 0,
          "attributes": {
            "arn": "arn:aws:rds:us-east-1:556298987240:subgrp:rds-subnet-group",
            "description": "Managed by Terraform",
            "id": "rds-subnet-group",
            "name": "rds-subnet-group",
            "name_prefix": "",
            "subnet_ids": [
              "subnet-023633a58730be285",
              "subnet-055046a12a97aece0"
            ],
            "supported_network_types": [
              "IPV4"
            ],
            "tags": null,
            "tags_all": {},
            "vpc_id": "vpc-03a2d2794b3660840"
          },
          "sensitive_attributes": [],
          "private": "bnVsbA==",
          "dependencies": [
            "aws_subnet.cloud-migration-private-subnet-1",
            "aws_subnet.cloud-migration-private-subnet-2",
            "aws_vpc.cloud-migration-vpc"
          ]
        }
      ]
    },
    {
      "mode": "managed",
      "type": "aws_dynamodb_table",
      "name": "cloud-migration-nosql-database",
      "provider": "provider[\"registry.terraform.io/hashicorp/aws\"]",
      "instances": [
        {
          "schema_version": 1,
          "attributes": {
            "arn": "arn:aws:dynamodb:us-east-1:556298987240:table/cloud-migration-nosql-database",
            "attribute": [
              {
                "name": "Id",
                "type": "S"
              }
            ],
            "billing_mode": "PROVISIONED",
            "deletion_protection_enabled": false,
            "global_secondary_index": [],
            "hash_key": "Id",
            "id": "cloud-migration-nosql-database",
            "local_secondary_index": [],
            "name": "cloud-migration-nosql-database",
            "point_in_time_recovery": [
              {
                "enabled": false
              }
            ],
            "range_key": null,
            "read_capacity": 30,
            "replica": [],
            "restore_date_time": null,
            "restore_source_name": null,
            "restore_to_latest_time": null,
            "server_side_encryption": [],
            "stream_arn": "",
            "stream_enabled": false,
            "stream_label": "",
            "stream_view_type": "",
            "table_class": "STANDARD",
            "tags": null,
            "tags_all": {},
            "timeouts": null,
            "ttl": [
              {
                "attribute_name": "",
                "enabled": false
              }
            ],
            "write_capacity": 30
          },
          "sensitive_attributes": [],
          "private": "eyJlMmJmYjczMC1lY2FhLTExZTYtOGY4OC0zNDM2M2JjN2M0YzAiOnsiY3JlYXRlIjoxODAwMDAwMDAwMDAwLCJkZWxldGUiOjYwMDAwMDAwMDAwMCwidXBkYXRlIjozNjAwMDAwMDAwMDAwfSwic2NoZW1hX3ZlcnNpb24iOiIxIn0="
        }
      ]
    },
    {
      "mode": "managed",
      "type": "aws_instance",
      "name": "cloud-migration-web-servers",
      "provider": "provider[\"registry.terraform.io/hashicorp/aws\"]",
      "instances": [
        {
          "index_key": 0,
          "schema_version": 1,
          "attributes": {
            "ami": "ami-053b0d53c279acc90",
            "arn": "arn:aws:ec2:us-east-1:556298987240:instance/i-09317bc17b08e73be",
            "associate_public_ip_address": true,
            "availability_zone": "us-east-1a",
            "capacity_reservation_specification": [
              {
                "capacity_reservation_preference": "open",
                "capacity_reservation_target": []
              }
            ],
            "cpu_core_count": 1,
            "cpu_options": [
              {
                "amd_sev_snp": "",
                "core_count": 1,
                "threads_per_core": 1
              }
            ],
            "cpu_threads_per_core": 1,
            "credit_specification": [
              {
                "cpu_credits": "standard"
              }
            ],
            "disable_api_stop": false,
            "disable_api_termination": false,
            "ebs_block_device": [],
            "ebs_optimized": false,
            "enclave_options": [
              {
                "enabled": false
              }
            ],
            "ephemeral_block_device": [],
            "get_password_data": false,
            "hibernation": false,
            "host_id": "",
            "host_resource_group_arn": null,
            "iam_instance_profile": "",
            "id": "i-09317bc17b08e73be",
            "instance_initiated_shutdown_behavior": "stop",
            "instance_lifecycle": "",
            "instance_market_options": [],
            "instance_state": "running",
            "instance_type": "t2.micro",
            "ipv6_address_count": 0,
            "ipv6_addresses": [],
            "key_name": "",
            "launch_template": [],
            "maintenance_options": [
              {
                "auto_recovery": "default"
              }
            ],
            "metadata_options": [
              {
                "http_endpoint": "enabled",
                "http_put_response_hop_limit": 1,
                "http_tokens": "optional",
                "instance_metadata_tags": "disabled"
              }
            ],
            "monitoring": false,
            "network_interface": [],
            "outpost_arn": "",
            "password_data": "",
            "placement_group": "",
            "placement_partition_number": 0,
            "primary_network_interface_id": "eni-05ad5bdf214ddc138",
            "private_dns": "ip-10-0-0-113.ec2.internal",
            "private_dns_name_options": [
              {
                "enable_resource_name_dns_a_record": false,
                "enable_resource_name_dns_aaaa_record": false,
                "hostname_type": "ip-name"
              }
            ],
            "private_ip": "10.0.0.113",
            "public_dns": "ec2-44-204-117-143.compute-1.amazonaws.com",
            "public_ip": "44.204.117.143",
            "root_block_device": [
              {
                "delete_on_termination": true,
                "device_name": "/dev/sda1",
                "encrypted": false,
                "iops": 100,
                "kms_key_id": "",
                "tags": {},
                "throughput": 0,
                "volume_id": "vol-09ed8d7588b7b9fd5",
                "volume_size": 8,
                "volume_type": "gp2"
              }
            ],
            "secondary_private_ips": [],
            "security_groups": [],
            "source_dest_check": true,
            "spot_instance_request_id": "",
            "subnet_id": "subnet-0cc553a255b769893",
            "tags": {
              "Name": "Web-server-1"
            },
            "tags_all": {
              "Name": "Web-server-1"
            },
            "tenancy": "default",
            "timeouts": null,
            "user_data": null,
            "user_data_base64": null,
            "user_data_replace_on_change": false,
            "volume_tags": null,
            "vpc_security_group_ids": [
              "sg-0633dff8cf7a14c64"
            ]
          },
          "sensitive_attributes": [],
          "private": "eyJlMmJmYjczMC1lY2FhLTExZTYtOGY4OC0zNDM2M2JjN2M0YzAiOnsiY3JlYXRlIjo2MDAwMDAwMDAwMDAsImRlbGV0ZSI6MTIwMDAwMDAwMDAwMCwidXBkYXRlIjo2MDAwMDAwMDAwMDB9LCJzY2hlbWFfdmVyc2lvbiI6IjEifQ==",
          "dependencies": [
            "aws_security_group.ec2-security-group",
            "aws_subnet.cloud-migration-public-subnet-1",
            "aws_vpc.cloud-migration-vpc"
          ]
        },
        {
          "index_key": 1,
          "schema_version": 1,
          "attributes": {
            "ami": "ami-053b0d53c279acc90",
            "arn": "arn:aws:ec2:us-east-1:556298987240:instance/i-01936973e2f36b012",
            "associate_public_ip_address": true,
            "availability_zone": "us-east-1a",
            "capacity_reservation_specification": [
              {
                "capacity_reservation_preference": "open",
                "capacity_reservation_target": []
              }
            ],
            "cpu_core_count": 1,
            "cpu_options": [
              {
                "amd_sev_snp": "",
                "core_count": 1,
                "threads_per_core": 1
              }
            ],
            "cpu_threads_per_core": 1,
            "credit_specification": [
              {
                "cpu_credits": "standard"
              }
            ],
            "disable_api_stop": false,
            "disable_api_termination": false,
            "ebs_block_device": [],
            "ebs_optimized": false,
            "enclave_options": [
              {
                "enabled": false
              }
            ],
            "ephemeral_block_device": [],
            "get_password_data": false,
            "hibernation": false,
            "host_id": "",
            "host_resource_group_arn": null,
            "iam_instance_profile": "",
            "id": "i-01936973e2f36b012",
            "instance_initiated_shutdown_behavior": "stop",
            "instance_lifecycle": "",
            "instance_market_options": [],
            "instance_state": "running",
            "instance_type": "t2.micro",
            "ipv6_address_count": 0,
            "ipv6_addresses": [],
            "key_name": "",
            "launch_template": [],
            "maintenance_options": [
              {
                "auto_recovery": "default"
              }
            ],
            "metadata_options": [
              {
                "http_endpoint": "enabled",
                "http_put_response_hop_limit": 1,
                "http_tokens": "optional",
                "instance_metadata_tags": "disabled"
              }
            ],
            "monitoring": false,
            "network_interface": [],
            "outpost_arn": "",
            "password_data": "",
            "placement_group": "",
            "placement_partition_number": 0,
            "primary_network_interface_id": "eni-02cf1154302fbbc2c",
            "private_dns": "ip-10-0-0-224.ec2.internal",
            "private_dns_name_options": [
              {
                "enable_resource_name_dns_a_record": false,
                "enable_resource_name_dns_aaaa_record": false,
                "hostname_type": "ip-name"
              }
            ],
            "private_ip": "10.0.0.224",
            "public_dns": "ec2-3-210-205-20.compute-1.amazonaws.com",
            "public_ip": "3.210.205.20",
            "root_block_device": [
              {
                "delete_on_termination": true,
                "device_name": "/dev/sda1",
                "encrypted": false,
                "iops": 100,
                "kms_key_id": "",
                "tags": {},
                "throughput": 0,
                "volume_id": "vol-0b2c90c4fb271afb6",
                "volume_size": 8,
                "volume_type": "gp2"
              }
            ],
            "secondary_private_ips": [],
            "security_groups": [],
            "source_dest_check": true,
            "spot_instance_request_id": "",
            "subnet_id": "subnet-0cc553a255b769893",
            "tags": {
              "Name": "Web-server-2"
            },
            "tags_all": {
              "Name": "Web-server-2"
            },
            "tenancy": "default",
            "timeouts": null,
            "user_data": null,
            "user_data_base64": null,
            "user_data_replace_on_change": false,
            "volume_tags": null,
            "vpc_security_group_ids": [
              "sg-0633dff8cf7a14c64"
            ]
          },
          "sensitive_attributes": [],
          "private": "eyJlMmJmYjczMC1lY2FhLTExZTYtOGY4OC0zNDM2M2JjN2M0YzAiOnsiY3JlYXRlIjo2MDAwMDAwMDAwMDAsImRlbGV0ZSI6MTIwMDAwMDAwMDAwMCwidXBkYXRlIjo2MDAwMDAwMDAwMDB9LCJzY2hlbWFfdmVyc2lvbiI6IjEifQ==",
          "dependencies": [
            "aws_security_group.ec2-security-group",
            "aws_subnet.cloud-migration-public-subnet-1",
            "aws_vpc.cloud-migration-vpc"
          ]
        },
        {
          "index_key": 2,
          "schema_version": 1,
          "attributes": {
            "ami": "ami-053b0d53c279acc90",
            "arn": "arn:aws:ec2:us-east-1:556298987240:instance/i-0931ebf954fbd0986",
            "associate_public_ip_address": true,
            "availability_zone": "us-east-1a",
            "capacity_reservation_specification": [
              {
                "capacity_reservation_preference": "open",
                "capacity_reservation_target": []
              }
            ],
            "cpu_core_count": 1,
            "cpu_options": [
              {
                "amd_sev_snp": "",
                "core_count": 1,
                "threads_per_core": 1
              }
            ],
            "cpu_threads_per_core": 1,
            "credit_specification": [
              {
                "cpu_credits": "standard"
              }
            ],
            "disable_api_stop": false,
            "disable_api_termination": false,
            "ebs_block_device": [],
            "ebs_optimized": false,
            "enclave_options": [
              {
                "enabled": false
              }
            ],
            "ephemeral_block_device": [],
            "get_password_data": false,
            "hibernation": false,
            "host_id": "",
            "host_resource_group_arn": null,
            "iam_instance_profile": "",
            "id": "i-0931ebf954fbd0986",
            "instance_initiated_shutdown_behavior": "stop",
            "instance_lifecycle": "",
            "instance_market_options": [],
            "instance_state": "running",
            "instance_type": "t2.micro",
            "ipv6_address_count": 0,
            "ipv6_addresses": [],
            "key_name": "",
            "launch_template": [],
            "maintenance_options": [
              {
                "auto_recovery": "default"
              }
            ],
            "metadata_options": [
              {
                "http_endpoint": "enabled",
                "http_put_response_hop_limit": 1,
                "http_tokens": "optional",
                "instance_metadata_tags": "disabled"
              }
            ],
            "monitoring": false,
            "network_interface": [],
            "outpost_arn": "",
            "password_data": "",
            "placement_group": "",
            "placement_partition_number": 0,
            "primary_network_interface_id": "eni-05e0c5214fb1dee94",
            "private_dns": "ip-10-0-0-232.ec2.internal",
            "private_dns_name_options": [
              {
                "enable_resource_name_dns_a_record": false,
                "enable_resource_name_dns_aaaa_record": false,
                "hostname_type": "ip-name"
              }
            ],
            "private_ip": "10.0.0.232",
            "public_dns": "ec2-3-231-93-28.compute-1.amazonaws.com",
            "public_ip": "3.231.93.28",
            "root_block_device": [
              {
                "delete_on_termination": true,
                "device_name": "/dev/sda1",
                "encrypted": false,
                "iops": 100,
                "kms_key_id": "",
                "tags": {},
                "throughput": 0,
                "volume_id": "vol-0e0b7385cc46ea867",
                "volume_size": 8,
                "volume_type": "gp2"
              }
            ],
            "secondary_private_ips": [],
            "security_groups": [],
            "source_dest_check": true,
            "spot_instance_request_id": "",
            "subnet_id": "subnet-0cc553a255b769893",
            "tags": {
              "Name": "Web-server-3"
            },
            "tags_all": {
              "Name": "Web-server-3"
            },
            "tenancy": "default",
            "timeouts": null,
            "user_data": null,
            "user_data_base64": null,
            "user_data_replace_on_change": false,
            "volume_tags": null,
            "vpc_security_group_ids": [
              "sg-0633dff8cf7a14c64"
            ]
          },
          "sensitive_attributes": [],
          "private": "eyJlMmJmYjczMC1lY2FhLTExZTYtOGY4OC0zNDM2M2JjN2M0YzAiOnsiY3JlYXRlIjo2MDAwMDAwMDAwMDAsImRlbGV0ZSI6MTIwMDAwMDAwMDAwMCwidXBkYXRlIjo2MDAwMDAwMDAwMDB9LCJzY2hlbWFfdmVyc2lvbiI6IjEifQ==",
          "dependencies": [
            "aws_security_group.ec2-security-group",
            "aws_subnet.cloud-migration-public-subnet-1",
            "aws_vpc.cloud-migration-vpc"
          ]
        }
      ]
    },
    {
      "mode": "managed",
      "type": "aws_internet_gateway",
      "name": "cloud-migration-internet-gateway",
      "provider": "provider[\"registry.terraform.io/hashicorp/aws\"]",
      "instances": [
        {
          "schema_version": 0,
          "attributes": {
            "arn": "arn:aws:ec2:us-east-1:556298987240:internet-gateway/igw-0a7e6be60a9587419",
            "id": "igw-0a7e6be60a9587419",
            "owner_id": "556298987240",
            "tags": {
              "Name": "Cloud-Migration-Internet-Gateway"
            },
            "tags_all": {
              "Name": "Cloud-Migration-Internet-Gateway"
            },
            "timeouts": null,
            "vpc_id": "vpc-03a2d2794b3660840"
          },
          "sensitive_attributes": [],
          "private": "eyJlMmJmYjczMC1lY2FhLTExZTYtOGY4OC0zNDM2M2JjN2M0YzAiOnsiY3JlYXRlIjoxMjAwMDAwMDAwMDAwLCJkZWxldGUiOjEyMDAwMDAwMDAwMDAsInVwZGF0ZSI6MTIwMDAwMDAwMDAwMH19",
          "dependencies": [
            "aws_vpc.cloud-migration-vpc"
          ]
        }
      ]
    },
    {
      "mode": "managed",
      "type": "aws_iot_certificate",
      "name": "iot-core-certificate",
      "provider": "provider[\"registry.terraform.io/hashicorp/aws\"]",
      "instances": [
        {
          "schema_version": 0,
          "attributes": {
            "active": true,
            "arn": "arn:aws:iot:us-east-1:556298987240:cert/b26a75e1d88902872feda97074415c2ccc8f2e715a5fc10da3d3cc9588c20a0c",
            "ca_pem": null,
            "certificate_pem": "-----BEGIN CERTIFICATE-----\nMIIDWjCCAkKgAwIBAgIVAKo7AOlWY7fOuBLgY4LjsMS04GEwMA0GCSqGSIb3DQEB\nCwUAME0xSzBJBgNVBAsMQkFtYXpvbiBXZWIgU2VydmljZXMgTz1BbWF6b24uY29t\nIEluYy4gTD1TZWF0dGxlIFNUPVdhc2hpbmd0b24gQz1VUzAeFw0yMzA4MTgwODMx\nMzFaFw00OTEyMzEyMzU5NTlaMB4xHDAaBgNVBAMME0FXUyBJb1QgQ2VydGlmaWNh\ndGUwggEiMA0GCSqGSIb3DQEBAQUAA4IBDwAwggEKAoIBAQDn3PZzFO9lpPpX785M\nToh/Ma5hlvhbu1iuN+gvAC9WOLSqjns/GtUClVqDDChEAepxUJtOzJCm3shThCC6\nC0gWX1y6yPnl52o8esAnQIL7vNqI+R8tgy7Gg8hFf506N2kudl2kPbjMoaSm9P5y\nOxNBBSd1xVeVcBRE2iTPA3HmPOgINXjnGXWN8irW0OPf9ZtoEczxpNaKJdAkPOua\nzczP3KGcp/pHaGFzn12t9BuCJJp2Df3VO4Sjem/DydfqQl/je8k61qV2whacTZGR\no04swRLDPjQOerGevaR5imu6w6IjKtTCu/LC1LnLiZk9BUjgTIFsKmBMpl9ACC8I\nLD33AgMBAAGjYDBeMB8GA1UdIwQYMBaAFKIoL4Pq03/B7QOuTQizSKN88m8pMB0G\nA1UdDgQWBBSvAglnqH6hfljncUP0d76kceWdXDAMBgNVHRMBAf8EAjAAMA4GA1Ud\nDwEB/wQEAwIHgDANBgkqhkiG9w0BAQsFAAOCAQEAgTi0DongjCCPfWS+go1RGv2D\nILOVvnwVMUBDuvwTJlAx7y9bbwbIPicNrToAwCQoYRCZy9kjvICHnhKf4r9eiIcL\np6+h3XGFrsosZfHzH2jxhKbwRF5dZMtOMxAQuZr98bcXuocdpgCe/VC2hqXI/y5V\nwj4q5iISp0i1zKypFg3yslKlCl0/C6UU22YLIa0fpUN+c3Y6Meyix9KC0gBfbqAN\nRZitqNWWocC2se/OdzMOaTam7RA/RxMesy6kakodV6swAhaJNi2TFaG0Ryqxea2P\nVko2LeD/LrCyVJvqgZIsuooPn6O1k/lKtamC5UpBpsS6n7V1bkwr3Xkzd8lfzw==\n-----END CERTIFICATE-----\n",
            "csr": null,
            "id": "b26a75e1d88902872feda97074415c2ccc8f2e715a5fc10da3d3cc9588c20a0c",
            "private_key": "-----BEGIN RSA PRIVATE KEY-----\nMIIEowIBAAKCAQEA59z2cxTvZaT6V+/OTE6IfzGuYZb4W7tYrjfoLwAvVji0qo57\nPxrVApVagwwoRAHqcVCbTsyQpt7IU4QgugtIFl9cusj55edqPHrAJ0CC+7zaiPkf\nLYMuxoPIRX+dOjdpLnZdpD24zKGkpvT+cjsTQQUndcVXlXAURNokzwNx5jzoCDV4\n5xl1jfIq1tDj3/WbaBHM8aTWiiXQJDzrms3Mz9yhnKf6R2hhc59drfQbgiSadg39\n1TuEo3pvw8nX6kJf43vJOtaldsIWnE2RkaNOLMESwz40Dnqxnr2keYprusOiIyrU\nwrvywtS5y4mZPQVI4EyBbCpgTKZfQAgvCCw99wIDAQABAoIBAGSUMIA5a6PPDh3J\nU9c8Fe//ECMbRz8bpNtmOxzwWphvXsfBqOr168MEINBKHMlrf1SKX+Stzm3kpEe+\nQCgULsAtu972wZieazIzGVmtnWQwRyg10PWAO3E3x0+GjSCs2r6h7/sIHzr9P5yB\nGENbJv4Ei1qGMXkMtm4rpt36I5V4sNrtFX/QAiLWRKkuJJaBpFmFhI1rNl4vLCaZ\nilUfYDCxDvlGVGYg5+Q7MxCLuxSSPkX/gVNxQE21cnSh1t/1etpPHQAe5ekgGs/Y\nX3jWe5jIVoB1jideRnZBwDo/Xk9j/eyvfyc9NHjthMhC+/F1RFqWvncYfw4jCj31\n08mbVPkCgYEA9Kv5x6Qo059UGrodc0V1hHBeUfKHcBAM1DIRRBZrqA1u/BH8gVdL\nA5mXk/xa+CqlbqSTTFP5FDD8VSBRmzAcdl3Z8M0yFZTG/23msgQ3KrdpSz0eqm/e\n6y0fOgIb1evHAyu8Qr/p5UdnWcPVmxFtwkiupsaKz13UWxOKwSMe8hMCgYEA8pkr\neIXJpp20cdHz/3y8s/LG0DONbEyuWrA/nmqNDJAPzPrnbg5Qemn5BrRD9tPxANzf\nWNx7nRNphsJxn4DrOFNgUGX4uLFTx7/kZgeQrSrx8Mby6a81q5YhuIeplIgyV18e\nkobUN2hfe7HxUHZEfkzP5xx2D64VV6rIbJy0oQ0CgYEAxDDOhlZM4nxlDVVl3hO5\nSuxrxVwrXCGSl+hZzfYId2XmM7wcdH5RyV40nFaDf3F63ACdmFvRY25wN7ZFmaH3\ngLZ61stDOOjmtNUkYmRc9CTECq/E0jgIUR4KZxJfzaZVG2bLe961p8MczW7p7oEI\nOPzdByA3GFaNvEYsQfhujP8CgYBWQr5hSXkNRJAv1I6k7q6OcandyCbmNlHcr0S/\nyHVE3UixAxodWPumu12v05NDBdNxEhhcmXFexdNE9oi+RXHeAk+B5vBMg8kdgo7s\n9I2t9VI34hXnn8Q+sdBls99JkDAOPyU4xrZYyUUCT6BVkugB3MAkFkuogabXGEPR\n0tqrVQKBgB5aRp7RklptoEXSBiNnxkBMhQjTnSV4V60aqkJ8tVMbKrmvm0nf4U9D\ncJ0mBlss21yrWsESBB+A3gR1Zytdz/eXvgP4mgCi1+rJ+8AgJa4t2wH0gVno4i/1\nr5RZGo/RvdBm9dKrEu23XZpqpEUYnytfbEETrjTuDXncfrgWvNb/\n-----END RSA PRIVATE KEY-----\n",
            "public_key": "-----BEGIN PUBLIC KEY-----\nMIIBIjANBgkqhkiG9w0BAQEFAAOCAQ8AMIIBCgKCAQEA59z2cxTvZaT6V+/OTE6I\nfzGuYZb4W7tYrjfoLwAvVji0qo57PxrVApVagwwoRAHqcVCbTsyQpt7IU4QgugtI\nFl9cusj55edqPHrAJ0CC+7zaiPkfLYMuxoPIRX+dOjdpLnZdpD24zKGkpvT+cjsT\nQQUndcVXlXAURNokzwNx5jzoCDV45xl1jfIq1tDj3/WbaBHM8aTWiiXQJDzrms3M\nz9yhnKf6R2hhc59drfQbgiSadg391TuEo3pvw8nX6kJf43vJOtaldsIWnE2RkaNO\nLMESwz40Dnqxnr2keYprusOiIyrUwrvywtS5y4mZPQVI4EyBbCpgTKZfQAgvCCw9\n9wIDAQAB\n-----END PUBLIC KEY-----\n"
          },
          "sensitive_attributes": [],
          "private": "bnVsbA=="
        }
      ]
    },
    {
      "mode": "managed",
      "type": "aws_iot_policy",
      "name": "ibeacon-pubsub",
      "provider": "provider[\"registry.terraform.io/hashicorp/aws\"]",
      "instances": [
        {
          "schema_version": 0,
          "attributes": {
            "arn": "arn:aws:iot:us-east-1:556298987240:policy/Publish-Subscribe",
            "default_version_id": "1",
            "id": "Publish-Subscribe",
            "name": "Publish-Subscribe",
            "policy": "{\"Statement\":[{\"Action\":[\"iot:*\"],\"Effect\":\"Allow\",\"Resource\":\"*\"}],\"Version\":\"2012-10-17\"}"
          },
          "sensitive_attributes": [],
          "private": "bnVsbA=="
        }
      ]
    },
    {
      "mode": "managed",
      "type": "aws_iot_thing",
      "name": "cloud-migration-mqtt-server",
      "provider": "provider[\"registry.terraform.io/hashicorp/aws\"]",
      "instances": [
        {
          "schema_version": 0,
          "attributes": {
            "arn": "arn:aws:iot:us-east-1:556298987240:thing/ibeacon-mqtt-server",
            "attributes": {
              "First": "examplevalue"
            },
            "default_client_id": "ibeacon-mqtt-server",
            "id": "ibeacon-mqtt-server",
            "name": "ibeacon-mqtt-server",
            "thing_type_name": "",
            "version": 1
          },
          "sensitive_attributes": [],
          "private": "bnVsbA=="
        }
      ]
    },
    {
      "mode": "managed",
      "type": "aws_launch_template",
      "name": "ec2-autoscaling-launch-template",
      "provider": "provider[\"registry.terraform.io/hashicorp/aws\"]",
      "instances": [
        {
          "schema_version": 0,
          "attributes": {
            "arn": "arn:aws:ec2:us-east-1:556298987240:launch-template/lt-0e9cab57ee076da1e",
            "block_device_mappings": [],
            "capacity_reservation_specification": [],
            "cpu_options": [],
            "credit_specification": [],
            "default_version": 1,
            "description": "",
            "disable_api_stop": false,
            "disable_api_termination": false,
            "ebs_optimized": "",
            "elastic_gpu_specifications": [],
            "elastic_inference_accelerator": [],
            "enclave_options": [],
            "hibernation_options": [],
            "iam_instance_profile": [],
            "id": "lt-0e9cab57ee076da1e",
            "image_id": "ami-053b0d53c279acc90",
            "instance_initiated_shutdown_behavior": "",
            "instance_market_options": [],
            "instance_requirements": [],
            "instance_type": "t2.micro",
            "kernel_id": "",
            "key_name": "",
            "latest_version": 1,
            "license_specification": [],
            "maintenance_options": [],
            "metadata_options": [],
            "monitoring": [],
            "name": "ec2-autoscaling-launch-template",
            "name_prefix": "",
            "network_interfaces": [],
            "placement": [],
            "private_dns_name_options": [],
            "ram_disk_id": "",
            "security_group_names": null,
            "tag_specifications": [],
            "tags": null,
            "tags_all": {},
            "update_default_version": null,
            "user_data": "",
            "vpc_security_group_ids": null
          },
          "sensitive_attributes": [],
          "private": "bnVsbA==",
          "create_before_destroy": true
        }
      ]
    },
    {
      "mode": "managed",
      "type": "aws_lb",
      "name": "cloud-migration-load-balancer",
      "provider": "provider[\"registry.terraform.io/hashicorp/aws\"]",
      "instances": [
        {
          "schema_version": 0,
          "attributes": {
            "access_logs": [
              {
                "bucket": "",
                "enabled": false,
                "prefix": ""
              }
            ],
            "arn": "arn:aws:elasticloadbalancing:us-east-1:556298987240:loadbalancer/app/cloud-migration-load-balancer/73c20bfe4eff10be",
            "arn_suffix": "app/cloud-migration-load-balancer/73c20bfe4eff10be",
            "customer_owned_ipv4_pool": "",
            "desync_mitigation_mode": "defensive",
            "dns_name": "cloud-migration-load-balancer-1881782468.us-east-1.elb.amazonaws.com",
            "drop_invalid_header_fields": false,
            "enable_cross_zone_load_balancing": true,
            "enable_deletion_protection": false,
            "enable_http2": true,
            "enable_tls_version_and_cipher_suite_headers": false,
            "enable_waf_fail_open": false,
            "enable_xff_client_port": false,
            "id": "arn:aws:elasticloadbalancing:us-east-1:556298987240:loadbalancer/app/cloud-migration-load-balancer/73c20bfe4eff10be",
            "idle_timeout": 60,
            "internal": false,
            "ip_address_type": "ipv4",
            "load_balancer_type": "application",
            "name": "cloud-migration-load-balancer",
            "name_prefix": null,
            "preserve_host_header": false,
            "security_groups": [
              "sg-01edca9900762a0b0"
            ],
            "subnet_mapping": [
              {
                "allocation_id": "",
                "ipv6_address": "",
                "outpost_id": "",
                "private_ipv4_address": "",
                "subnet_id": "subnet-023633a58730be285"
              },
              {
                "allocation_id": "",
                "ipv6_address": "",
                "outpost_id": "",
                "private_ipv4_address": "",
                "subnet_id": "subnet-0cc553a255b769893"
              }
            ],
            "subnets": [
              "subnet-023633a58730be285",
              "subnet-0cc553a255b769893"
            ],
            "tags": null,
            "tags_all": {},
            "timeouts": null,
            "vpc_id": "vpc-03a2d2794b3660840",
            "xff_header_processing_mode": "append",
            "zone_id": "Z35SXDOTRQ7X7K"
          },
          "sensitive_attributes": [],
          "private": "eyJlMmJmYjczMC1lY2FhLTExZTYtOGY4OC0zNDM2M2JjN2M0YzAiOnsiY3JlYXRlIjo2MDAwMDAwMDAwMDAsImRlbGV0ZSI6NjAwMDAwMDAwMDAwLCJ1cGRhdGUiOjYwMDAwMDAwMDAwMH19",
          "dependencies": [
            "aws_security_group.load-balancer-security-group",
            "aws_subnet.cloud-migration-private-subnet-2",
            "aws_subnet.cloud-migration-public-subnet-1",
            "aws_vpc.cloud-migration-vpc"
          ]
        }
      ]
    },
    {
      "mode": "managed",
      "type": "aws_lb_target_group_attachment",
      "name": "attach-ec2-instances",
      "provider": "provider[\"registry.terraform.io/hashicorp/aws\"]",
      "instances": [
        {
          "index_key": 0,
          "schema_version": 0,
          "attributes": {
            "availability_zone": null,
            "id": "arn:aws:elasticloadbalancing:us-east-1:556298987240:targetgroup/load-balancer-target-group/f504877951198358-20230818083420492600000007",
            "port": 80,
            "target_group_arn": "arn:aws:elasticloadbalancing:us-east-1:556298987240:targetgroup/load-balancer-target-group/f504877951198358",
            "target_id": "i-09317bc17b08e73be"
          },
          "sensitive_attributes": [],
          "private": "bnVsbA==",
          "dependencies": [
            "aws_alb_target_group.load-balancer-target-group",
            "aws_instance.cloud-migration-web-servers",
            "aws_security_group.ec2-security-group",
            "aws_subnet.cloud-migration-public-subnet-1",
            "aws_vpc.cloud-migration-vpc"
          ]
        },
        {
          "index_key": 1,
          "schema_version": 0,
          "attributes": {
            "availability_zone": null,
            "id": "arn:aws:elasticloadbalancing:us-east-1:556298987240:targetgroup/load-balancer-target-group/f504877951198358-20230818083420441100000006",
            "port": 80,
            "target_group_arn": "arn:aws:elasticloadbalancing:us-east-1:556298987240:targetgroup/load-balancer-target-group/f504877951198358",
            "target_id": "i-01936973e2f36b012"
          },
          "sensitive_attributes": [],
          "private": "bnVsbA==",
          "dependencies": [
            "aws_alb_target_group.load-balancer-target-group",
            "aws_instance.cloud-migration-web-servers",
            "aws_security_group.ec2-security-group",
            "aws_subnet.cloud-migration-public-subnet-1",
            "aws_vpc.cloud-migration-vpc"
          ]
        },
        {
          "index_key": 2,
          "schema_version": 0,
          "attributes": {
            "availability_zone": null,
            "id": "arn:aws:elasticloadbalancing:us-east-1:556298987240:targetgroup/load-balancer-target-group/f504877951198358-20230818083420149900000005",
            "port": 80,
            "target_group_arn": "arn:aws:elasticloadbalancing:us-east-1:556298987240:targetgroup/load-balancer-target-group/f504877951198358",
            "target_id": "i-0931ebf954fbd0986"
          },
          "sensitive_attributes": [],
          "private": "bnVsbA==",
          "dependencies": [
            "aws_alb_target_group.load-balancer-target-group",
            "aws_instance.cloud-migration-web-servers",
            "aws_security_group.ec2-security-group",
            "aws_subnet.cloud-migration-public-subnet-1",
            "aws_vpc.cloud-migration-vpc"
          ]
        }
      ]
    },
    {
      "mode": "managed",
      "type": "aws_network_acl",
      "name": "cloud-migration-network-acl",
      "provider": "provider[\"registry.terraform.io/hashicorp/aws\"]",
      "instances": [
        {
          "schema_version": 0,
          "attributes": {
            "arn": "arn:aws:ec2:us-east-1:556298987240:network-acl/acl-006fc22f3b4fdb60c",
            "egress": [
              {
                "action": "allow",
                "cidr_block": "0.0.0.0/0",
                "from_port": 443,
                "icmp_code": null,
                "icmp_type": null,
                "ipv6_cidr_block": "",
                "protocol": "tcp",
                "rule_no": 100,
                "to_port": 443
              }
            ],
            "id": "acl-006fc22f3b4fdb60c",
            "ingress": [
              {
                "action": "allow",
                "cidr_block": "0.0.0.0/0",
                "from_port": 80,
                "icmp_code": null,
                "icmp_type": null,
                "ipv6_cidr_block": "",
                "protocol": "tcp",
                "rule_no": 100,
                "to_port": 80
              }
            ],
            "owner_id": "556298987240",
            "subnet_ids": [
              "subnet-0a4da639ea2dc22c3",
              "subnet-0cc553a255b769893"
            ],
            "tags": {
              "Name": "Cloud-Migration-Network-ACL"
            },
            "tags_all": {
              "Name": "Cloud-Migration-Network-ACL"
            },
            "vpc_id": "vpc-03a2d2794b3660840"
          },
          "sensitive_attributes": [],
          "private": "bnVsbA==",
          "dependencies": [
            "aws_subnet.cloud-migration-public-subnet-1",
            "aws_subnet.cloud-migration-public-subnet-2",
            "aws_vpc.cloud-migration-vpc"
          ]
        }
      ]
    },
    {
      "mode": "managed",
      "type": "aws_route",
      "name": "public-internet-route",
      "provider": "provider[\"registry.terraform.io/hashicorp/aws\"]",
      "instances": [
        {
          "schema_version": 0,
          "attributes": {
            "carrier_gateway_id": "",
            "core_network_arn": "",
            "destination_cidr_block": "0.0.0.0/0",
            "destination_ipv6_cidr_block": "",
            "destination_prefix_list_id": "",
            "egress_only_gateway_id": "",
            "gateway_id": "igw-0a7e6be60a9587419",
            "id": "r-rtb-0fa0486465ad4a8051080289494",
            "instance_id": "",
            "instance_owner_id": "",
            "local_gateway_id": "",
            "nat_gateway_id": "",
            "network_interface_id": "",
            "origin": "CreateRoute",
            "route_table_id": "rtb-0fa0486465ad4a805",
            "state": "active",
            "timeouts": null,
            "transit_gateway_id": "",
            "vpc_endpoint_id": "",
            "vpc_peering_connection_id": ""
          },
          "sensitive_attributes": [],
          "private": "eyJlMmJmYjczMC1lY2FhLTExZTYtOGY4OC0zNDM2M2JjN2M0YzAiOnsiY3JlYXRlIjozMDAwMDAwMDAwMDAsImRlbGV0ZSI6MzAwMDAwMDAwMDAwLCJ1cGRhdGUiOjEyMDAwMDAwMDAwMH19",
          "dependencies": [
            "aws_internet_gateway.cloud-migration-internet-gateway",
            "aws_route_table.cloud-migration-route-table",
            "aws_vpc.cloud-migration-vpc"
          ]
        }
      ]
    },
    {
      "mode": "managed",
      "type": "aws_route_table",
      "name": "cloud-migration-route-table",
      "provider": "provider[\"registry.terraform.io/hashicorp/aws\"]",
      "instances": [
        {
          "schema_version": 0,
          "attributes": {
            "arn": "arn:aws:ec2:us-east-1:556298987240:route-table/rtb-0fa0486465ad4a805",
            "id": "rtb-0fa0486465ad4a805",
            "owner_id": "556298987240",
            "propagating_vgws": [],
            "route": [
              {
                "carrier_gateway_id": "",
                "cidr_block": "0.0.0.0/0",
                "core_network_arn": "",
                "destination_prefix_list_id": "",
                "egress_only_gateway_id": "",
                "gateway_id": "igw-0a7e6be60a9587419",
                "ipv6_cidr_block": "",
                "local_gateway_id": "",
                "nat_gateway_id": "",
                "network_interface_id": "",
                "transit_gateway_id": "",
                "vpc_endpoint_id": "",
                "vpc_peering_connection_id": ""
              }
            ],
            "tags": {
              "Name": "Cloud-Migration-Route-Table"
            },
            "tags_all": {
              "Name": "Cloud-Migration-Route-Table"
            },
            "timeouts": null,
            "vpc_id": "vpc-03a2d2794b3660840"
          },
          "sensitive_attributes": [],
          "private": "eyJlMmJmYjczMC1lY2FhLTExZTYtOGY4OC0zNDM2M2JjN2M0YzAiOnsiY3JlYXRlIjozMDAwMDAwMDAwMDAsImRlbGV0ZSI6MzAwMDAwMDAwMDAwLCJ1cGRhdGUiOjEyMDAwMDAwMDAwMH19",
          "dependencies": [
            "aws_internet_gateway.cloud-migration-internet-gateway",
            "aws_vpc.cloud-migration-vpc"
          ]
        }
      ]
    },
    {
      "mode": "managed",
      "type": "aws_route_table_association",
      "name": "public-subnet-association-to-route-table",
      "provider": "provider[\"registry.terraform.io/hashicorp/aws\"]",
      "instances": [
        {
          "schema_version": 0,
          "attributes": {
            "gateway_id": "",
            "id": "rtbassoc-026a7dacf98fe22ef",
            "route_table_id": "rtb-0fa0486465ad4a805",
            "subnet_id": "subnet-0cc553a255b769893",
            "timeouts": null
          },
          "sensitive_attributes": [],
          "private": "eyJlMmJmYjczMC1lY2FhLTExZTYtOGY4OC0zNDM2M2JjN2M0YzAiOnsiY3JlYXRlIjozMDAwMDAwMDAwMDAsImRlbGV0ZSI6MzAwMDAwMDAwMDAwLCJ1cGRhdGUiOjEyMDAwMDAwMDAwMH19",
          "dependencies": [
            "aws_internet_gateway.cloud-migration-internet-gateway",
            "aws_route_table.cloud-migration-route-table",
            "aws_subnet.cloud-migration-public-subnet-1",
            "aws_vpc.cloud-migration-vpc"
          ]
        }
      ]
    },
    {
      "mode": "managed",
      "type": "aws_s3_bucket",
      "name": "file-storage-bucket",
      "provider": "provider[\"registry.terraform.io/hashicorp/aws\"]",
      "instances": [
        {
          "schema_version": 0,
          "attributes": {
            "acceleration_status": "",
            "acl": null,
            "arn": "arn:aws:s3:::cloud-migration-bucket",
            "bucket": "cloud-migration-bucket",
            "bucket_domain_name": "cloud-migration-bucket.s3.amazonaws.com",
            "bucket_prefix": "",
            "bucket_regional_domain_name": "cloud-migration-bucket.s3.us-east-1.amazonaws.com",
            "cors_rule": [],
            "force_destroy": false,
            "grant": [
              {
                "id": "c954c927db07c0ff054667af3f635fbddd6a7d9d028abd853c80b207a07640c2",
                "permissions": [
                  "FULL_CONTROL"
                ],
                "type": "CanonicalUser",
                "uri": ""
              }
            ],
            "hosted_zone_id": "Z3AQBSTGFYJSTF",
            "id": "cloud-migration-bucket",
            "lifecycle_rule": [],
            "logging": [],
            "object_lock_configuration": [],
            "object_lock_enabled": false,
            "policy": "",
            "region": "us-east-1",
            "replication_configuration": [],
            "request_payer": "BucketOwner",
            "server_side_encryption_configuration": [
              {
                "rule": [
                  {
                    "apply_server_side_encryption_by_default": [
                      {
                        "kms_master_key_id": "",
                        "sse_algorithm": "AES256"
                      }
                    ],
                    "bucket_key_enabled": false
                  }
                ]
              }
            ],
            "tags": null,
            "tags_all": {},
            "timeouts": null,
            "versioning": [
              {
                "enabled": false,
                "mfa_delete": false
              }
            ],
            "website": [],
            "website_domain": null,
            "website_endpoint": null
          },
          "sensitive_attributes": [],
          "private": "eyJlMmJmYjczMC1lY2FhLTExZTYtOGY4OC0zNDM2M2JjN2M0YzAiOnsiY3JlYXRlIjoxMjAwMDAwMDAwMDAwLCJkZWxldGUiOjM2MDAwMDAwMDAwMDAsInJlYWQiOjEyMDAwMDAwMDAwMDAsInVwZGF0ZSI6MTIwMDAwMDAwMDAwMH19"
        }
      ]
    },
    {
      "mode": "managed",
      "type": "aws_security_group",
      "name": "ec2-security-group",
      "provider": "provider[\"registry.terraform.io/hashicorp/aws\"]",
      "instances": [
        {
          "schema_version": 1,
          "attributes": {
            "arn": "arn:aws:ec2:us-east-1:556298987240:security-group/sg-0633dff8cf7a14c64",
            "description": "Managed by Terraform",
            "egress": [
              {
                "cidr_blocks": [
                  "0.0.0.0/0"
                ],
                "description": "",
                "from_port": 0,
                "ipv6_cidr_blocks": [],
                "prefix_list_ids": [],
                "protocol": "-1",
                "security_groups": [],
                "self": false,
                "to_port": 0
              }
            ],
            "id": "sg-0633dff8cf7a14c64",
            "ingress": [
              {
                "cidr_blocks": [
                  "0.0.0.0/0"
                ],
                "description": "",
                "from_port": 22,
                "ipv6_cidr_blocks": [],
                "prefix_list_ids": [],
                "protocol": "tcp",
                "security_groups": [],
                "self": false,
                "to_port": 22
              },
              {
                "cidr_blocks": [
                  "0.0.0.0/0"
                ],
                "description": "",
                "from_port": 80,
                "ipv6_cidr_blocks": [],
                "prefix_list_ids": [],
                "protocol": "tcp",
                "security_groups": [],
                "self": false,
                "to_port": 80
              }
            ],
            "name": "ec2-security-group",
            "name_prefix": "",
            "owner_id": "556298987240",
            "revoke_rules_on_delete": false,
            "tags": {
              "Name": "ec2-security-group"
            },
            "tags_all": {
              "Name": "ec2-security-group"
            },
            "timeouts": null,
            "vpc_id": "vpc-03a2d2794b3660840"
          },
          "sensitive_attributes": [],
          "private": "eyJlMmJmYjczMC1lY2FhLTExZTYtOGY4OC0zNDM2M2JjN2M0YzAiOnsiY3JlYXRlIjo2MDAwMDAwMDAwMDAsImRlbGV0ZSI6OTAwMDAwMDAwMDAwfSwic2NoZW1hX3ZlcnNpb24iOiIxIn0=",
          "dependencies": [
            "aws_vpc.cloud-migration-vpc"
          ]
        }
      ]
    },
    {
      "mode": "managed",
      "type": "aws_security_group",
      "name": "load-balancer-security-group",
      "provider": "provider[\"registry.terraform.io/hashicorp/aws\"]",
      "instances": [
        {
          "schema_version": 1,
          "attributes": {
            "arn": "arn:aws:ec2:us-east-1:556298987240:security-group/sg-01edca9900762a0b0",
            "description": "Terraform load balancer security group",
            "egress": [
              {
                "cidr_blocks": [
                  "0.0.0.0/0"
                ],
                "description": "",
                "from_port": 0,
                "ipv6_cidr_blocks": [],
                "prefix_list_ids": [],
                "protocol": "-1",
                "security_groups": [],
                "self": false,
                "to_port": 0
              }
            ],
            "id": "sg-01edca9900762a0b0",
            "ingress": [
              {
                "cidr_blocks": [
                  "0.0.0.0/0"
                ],
                "description": "",
                "from_port": 443,
                "ipv6_cidr_blocks": [],
                "prefix_list_ids": [],
                "protocol": "tcp",
                "security_groups": [],
                "self": false,
                "to_port": 443
              },
              {
                "cidr_blocks": [
                  "0.0.0.0/0"
                ],
                "description": "",
                "from_port": 80,
                "ipv6_cidr_blocks": [],
                "prefix_list_ids": [],
                "protocol": "tcp",
                "security_groups": [],
                "self": false,
                "to_port": 80
              }
            ],
            "name": "load-balancer-security-group",
            "name_prefix": "",
            "owner_id": "556298987240",
            "revoke_rules_on_delete": false,
            "tags": {
              "Name": "cloud-migration-alb-security-group"
            },
            "tags_all": {
              "Name": "cloud-migration-alb-security-group"
            },
            "timeouts": null,
            "vpc_id": "vpc-03a2d2794b3660840"
          },
          "sensitive_attributes": [],
          "private": "eyJlMmJmYjczMC1lY2FhLTExZTYtOGY4OC0zNDM2M2JjN2M0YzAiOnsiY3JlYXRlIjo2MDAwMDAwMDAwMDAsImRlbGV0ZSI6OTAwMDAwMDAwMDAwfSwic2NoZW1hX3ZlcnNpb24iOiIxIn0=",
          "dependencies": [
            "aws_vpc.cloud-migration-vpc"
          ]
        }
      ]
    },
    {
      "mode": "managed",
      "type": "aws_security_group",
      "name": "rds-security-group",
      "provider": "provider[\"registry.terraform.io/hashicorp/aws\"]",
      "instances": [
        {
          "schema_version": 1,
          "attributes": {
            "arn": "arn:aws:ec2:us-east-1:556298987240:security-group/sg-009c0610c94417986",
            "description": "Managed by Terraform",
            "egress": [
              {
                "cidr_blocks": [
                  "0.0.0.0/0"
                ],
                "description": "",
                "from_port": 0,
                "ipv6_cidr_blocks": [],
                "prefix_list_ids": [],
                "protocol": "-1",
                "security_groups": [],
                "self": false,
                "to_port": 0
              }
            ],
            "id": "sg-009c0610c94417986",
            "ingress": [
              {
                "cidr_blocks": [
                  "0.0.0.0/0"
                ],
                "description": "",
                "from_port": 3306,
                "ipv6_cidr_blocks": [],
                "prefix_list_ids": [],
                "protocol": "tcp",
                "security_groups": [],
                "self": false,
                "to_port": 3306
              }
            ],
            "name": "rds-security-group",
            "name_prefix": "",
            "owner_id": "556298987240",
            "revoke_rules_on_delete": false,
            "tags": {
              "Name": "rds-security-group"
            },
            "tags_all": {
              "Name": "rds-security-group"
            },
            "timeouts": null,
            "vpc_id": "vpc-03a2d2794b3660840"
          },
          "sensitive_attributes": [],
          "private": "eyJlMmJmYjczMC1lY2FhLTExZTYtOGY4OC0zNDM2M2JjN2M0YzAiOnsiY3JlYXRlIjo2MDAwMDAwMDAwMDAsImRlbGV0ZSI6OTAwMDAwMDAwMDAwfSwic2NoZW1hX3ZlcnNpb24iOiIxIn0=",
          "dependencies": [
            "aws_vpc.cloud-migration-vpc"
          ]
        }
      ]
    },
    {
      "mode": "managed",
      "type": "aws_subnet",
      "name": "cloud-migration-private-subnet-1",
      "provider": "provider[\"registry.terraform.io/hashicorp/aws\"]",
      "instances": [
        {
          "schema_version": 1,
          "attributes": {
            "arn": "arn:aws:ec2:us-east-1:556298987240:subnet/subnet-055046a12a97aece0",
            "assign_ipv6_address_on_creation": false,
            "availability_zone": "us-east-1a",
            "availability_zone_id": "use1-az1",
            "cidr_block": "10.0.2.0/24",
            "customer_owned_ipv4_pool": "",
            "enable_dns64": false,
            "enable_lni_at_device_index": 0,
            "enable_resource_name_dns_a_record_on_launch": false,
            "enable_resource_name_dns_aaaa_record_on_launch": false,
            "id": "subnet-055046a12a97aece0",
            "ipv6_cidr_block": "",
            "ipv6_cidr_block_association_id": "",
            "ipv6_native": false,
            "map_customer_owned_ip_on_launch": false,
            "map_public_ip_on_launch": false,
            "outpost_arn": "",
            "owner_id": "556298987240",
            "private_dns_hostname_type_on_launch": "ip-name",
            "tags": {
              "Name": "Cloud-Migration-Private-Subnet-1"
            },
            "tags_all": {
              "Name": "Cloud-Migration-Private-Subnet-1"
            },
            "timeouts": null,
            "vpc_id": "vpc-03a2d2794b3660840"
          },
          "sensitive_attributes": [],
          "private": "eyJlMmJmYjczMC1lY2FhLTExZTYtOGY4OC0zNDM2M2JjN2M0YzAiOnsiY3JlYXRlIjo2MDAwMDAwMDAwMDAsImRlbGV0ZSI6MTIwMDAwMDAwMDAwMH0sInNjaGVtYV92ZXJzaW9uIjoiMSJ9",
          "dependencies": [
            "aws_vpc.cloud-migration-vpc"
          ]
        }
      ]
    },
    {
      "mode": "managed",
      "type": "aws_subnet",
      "name": "cloud-migration-private-subnet-2",
      "provider": "provider[\"registry.terraform.io/hashicorp/aws\"]",
      "instances": [
        {
          "schema_version": 1,
          "attributes": {
            "arn": "arn:aws:ec2:us-east-1:556298987240:subnet/subnet-023633a58730be285",
            "assign_ipv6_address_on_creation": false,
            "availability_zone": "us-east-1b",
            "availability_zone_id": "use1-az2",
            "cidr_block": "10.0.3.0/24",
            "customer_owned_ipv4_pool": "",
            "enable_dns64": false,
            "enable_lni_at_device_index": 0,
            "enable_resource_name_dns_a_record_on_launch": false,
            "enable_resource_name_dns_aaaa_record_on_launch": false,
            "id": "subnet-023633a58730be285",
            "ipv6_cidr_block": "",
            "ipv6_cidr_block_association_id": "",
            "ipv6_native": false,
            "map_customer_owned_ip_on_launch": false,
            "map_public_ip_on_launch": false,
            "outpost_arn": "",
            "owner_id": "556298987240",
            "private_dns_hostname_type_on_launch": "ip-name",
            "tags": {
              "Name": "Cloud-Migration-Private-Subnet-2"
            },
            "tags_all": {
              "Name": "Cloud-Migration-Private-Subnet-2"
            },
            "timeouts": null,
            "vpc_id": "vpc-03a2d2794b3660840"
          },
          "sensitive_attributes": [],
          "private": "eyJlMmJmYjczMC1lY2FhLTExZTYtOGY4OC0zNDM2M2JjN2M0YzAiOnsiY3JlYXRlIjo2MDAwMDAwMDAwMDAsImRlbGV0ZSI6MTIwMDAwMDAwMDAwMH0sInNjaGVtYV92ZXJzaW9uIjoiMSJ9",
          "dependencies": [
            "aws_vpc.cloud-migration-vpc"
          ]
        }
      ]
    },
    {
      "mode": "managed",
      "type": "aws_subnet",
      "name": "cloud-migration-public-subnet-1",
      "provider": "provider[\"registry.terraform.io/hashicorp/aws\"]",
      "instances": [
        {
          "schema_version": 1,
          "attributes": {
            "arn": "arn:aws:ec2:us-east-1:556298987240:subnet/subnet-0cc553a255b769893",
            "assign_ipv6_address_on_creation": false,
            "availability_zone": "us-east-1a",
            "availability_zone_id": "use1-az1",
            "cidr_block": "10.0.0.0/24",
            "customer_owned_ipv4_pool": "",
            "enable_dns64": false,
            "enable_lni_at_device_index": 0,
            "enable_resource_name_dns_a_record_on_launch": false,
            "enable_resource_name_dns_aaaa_record_on_launch": false,
            "id": "subnet-0cc553a255b769893",
            "ipv6_cidr_block": "",
            "ipv6_cidr_block_association_id": "",
            "ipv6_native": false,
            "map_customer_owned_ip_on_launch": false,
            "map_public_ip_on_launch": false,
            "outpost_arn": "",
            "owner_id": "556298987240",
            "private_dns_hostname_type_on_launch": "ip-name",
            "tags": {
              "Name": "Cloud-Migration-Public-Subnet-1"
            },
            "tags_all": {
              "Name": "Cloud-Migration-Public-Subnet-1"
            },
            "timeouts": null,
            "vpc_id": "vpc-03a2d2794b3660840"
          },
          "sensitive_attributes": [],
          "private": "eyJlMmJmYjczMC1lY2FhLTExZTYtOGY4OC0zNDM2M2JjN2M0YzAiOnsiY3JlYXRlIjo2MDAwMDAwMDAwMDAsImRlbGV0ZSI6MTIwMDAwMDAwMDAwMH0sInNjaGVtYV92ZXJzaW9uIjoiMSJ9",
          "dependencies": [
            "aws_vpc.cloud-migration-vpc"
          ]
        }
      ]
    },
    {
      "mode": "managed",
      "type": "aws_subnet",
      "name": "cloud-migration-public-subnet-2",
      "provider": "provider[\"registry.terraform.io/hashicorp/aws\"]",
      "instances": [
        {
          "schema_version": 1,
          "attributes": {
            "arn": "arn:aws:ec2:us-east-1:556298987240:subnet/subnet-0a4da639ea2dc22c3",
            "assign_ipv6_address_on_creation": false,
            "availability_zone": "us-east-1b",
            "availability_zone_id": "use1-az2",
            "cidr_block": "10.0.8.0/24",
            "customer_owned_ipv4_pool": "",
            "enable_dns64": false,
            "enable_lni_at_device_index": 0,
            "enable_resource_name_dns_a_record_on_launch": false,
            "enable_resource_name_dns_aaaa_record_on_launch": false,
            "id": "subnet-0a4da639ea2dc22c3",
            "ipv6_cidr_block": "",
            "ipv6_cidr_block_association_id": "",
            "ipv6_native": false,
            "map_customer_owned_ip_on_launch": false,
            "map_public_ip_on_launch": false,
            "outpost_arn": "",
            "owner_id": "556298987240",
            "private_dns_hostname_type_on_launch": "ip-name",
            "tags": {
              "Name": "Cloud-Migration-Public-Subnet-2"
            },
            "tags_all": {
              "Name": "Cloud-Migration-Public-Subnet-2"
            },
            "timeouts": null,
            "vpc_id": "vpc-03a2d2794b3660840"
          },
          "sensitive_attributes": [],
          "private": "eyJlMmJmYjczMC1lY2FhLTExZTYtOGY4OC0zNDM2M2JjN2M0YzAiOnsiY3JlYXRlIjo2MDAwMDAwMDAwMDAsImRlbGV0ZSI6MTIwMDAwMDAwMDAwMH0sInNjaGVtYV92ZXJzaW9uIjoiMSJ9",
          "dependencies": [
            "aws_vpc.cloud-migration-vpc"
          ]
        }
      ]
    },
    {
      "mode": "managed",
      "type": "aws_vpc",
      "name": "cloud-migration-vpc",
      "provider": "provider[\"registry.terraform.io/hashicorp/aws\"]",
      "instances": [
        {
          "schema_version": 1,
          "attributes": {
            "arn": "arn:aws:ec2:us-east-1:556298987240:vpc/vpc-03a2d2794b3660840",
            "assign_generated_ipv6_cidr_block": false,
            "cidr_block": "10.0.0.0/16",
            "default_network_acl_id": "acl-0fbfefc2d6d90d00a",
            "default_route_table_id": "rtb-000a584ae49228e35",
            "default_security_group_id": "sg-0aa000ba108a3dd7f",
            "dhcp_options_id": "dopt-ee4d7b94",
            "enable_dns_hostnames": true,
            "enable_dns_support": true,
            "enable_network_address_usage_metrics": false,
            "id": "vpc-03a2d2794b3660840",
            "instance_tenancy": "default",
            "ipv4_ipam_pool_id": null,
            "ipv4_netmask_length": null,
            "ipv6_association_id": "",
            "ipv6_cidr_block": "",
            "ipv6_cidr_block_network_border_group": "",
            "ipv6_ipam_pool_id": "",
            "ipv6_netmask_length": 0,
            "main_route_table_id": "rtb-000a584ae49228e35",
            "owner_id": "556298987240",
            "tags": {
              "Name": "Cloud-Migration-VPC"
            },
            "tags_all": {
              "Name": "Cloud-Migration-VPC"
            }
          },
          "sensitive_attributes": [],
          "private": "eyJzY2hlbWFfdmVyc2lvbiI6IjEifQ=="
        }
      ]
    }
  ],
  "check_results": null
}
